
Microsoft Visual Studio Solution File, Format Version 12.00
# Visual Studio Version 17
VisualStudioVersion = 17.4.33205.214
MinimumVisualStudioVersion = 10.0.40219.1
Project("{FAE04EC0-301F-11D3-BF4B-00C04F79EFBC}") = "Bank", "Bank\Bank.csproj", "{0B9FDC03-0194-46FB-BF6E-C205A50A4E4E}"
EndProject
Project("{FAE04EC0-301F-11D3-BF4B-00C04F79EFBC}") = "Client", "Client\Client.csproj", "{3A2C8522-F797-4A1B-8D98-E1A3EDDA9E86}"
EndProject
Project("{FAE04EC0-301F-11D3-BF4B-00C04F79EFBC}") = "BankContracts", "BankContracts\BankContracts.csproj", "{5D1B5320-011C-499B-A0E9-DA685DAC2240}"
EndProject
Project("{FAE04EC0-301F-11D3-BF4B-00C04F79EFBC}") = "Manager", "Manager\Manager.csproj", "{299593D0-C5CD-477E-8A39-2FE69AA68B8E}"
EndProject
Project("{FAE04EC0-301F-11D3-BF4B-00C04F79EFBC}") = "Replicator", "Replicator\Replicator.csproj", "{3556A1C9-9B39-4236-B15A-419E08B78B67}"
EndProject
Project("{FAE04EC0-301F-11D3-BF4B-00C04F79EFBC}") = "BankingAudit", "BankAudit\BankingAudit.csproj", "{4DE43736-3CF8-4A92-A601-14BD2DF68264}"
EndProject
Global
	GlobalSection(SolutionConfigurationPlatforms) = preSolution
		Debug|Any CPU = Debug|Any CPU
		Release|Any CPU = Release|Any CPU
	EndGlobalSection
	GlobalSection(ProjectConfigurationPlatforms) = postSolution
		{0B9FDC03-0194-46FB-BF6E-C205A50A4E4E}.Debug|Any CPU.ActiveCfg = Debug|Any CPU
		{0B9FDC03-0194-46FB-BF6E-C205A50A4E4E}.Debug|Any CPU.Build.0 = Debug|Any CPU
		{0B9FDC03-0194-46FB-BF6E-C205A50A4E4E}.Release|Any CPU.ActiveCfg = Release|Any CPU
		{0B9FDC03-0194-46FB-BF6E-C205A50A4E4E}.Release|Any CPU.Build.0 = Release|Any CPU
		{3A2C8522-F797-4A1B-8D98-E1A3EDDA9E86}.Debug|Any CPU.ActiveCfg = Debug|Any CPU
		{3A2C8522-F797-4A1B-8D98-E1A3EDDA9E86}.Debug|Any CPU.Build.0 = Debug|Any CPU
		{3A2C8522-F797-4A1B-8D98-E1A3EDDA9E86}.Release|Any CPU.ActiveCfg = Release|Any CPU
		{3A2C8522-F797-4A1B-8D98-E1A3EDDA9E86}.Release|Any CPU.Build.0 = Release|Any CPU
		{5D1B5320-011C-499B-A0E9-DA685DAC2240}.Debug|Any CPU.ActiveCfg = Debug|Any CPU
		{5D1B5320-011C-499B-A0E9-DA685DAC2240}.Debug|Any CPU.Build.0 = Debug|Any CPU
		{5D1B5320-011C-499B-A0E9-DA685DAC2240}.Release|Any CPU.ActiveCfg = Release|Any CPU
		{5D1B5320-011C-499B-A0E9-DA685DAC2240}.Release|Any CPU.Build.0 = Release|Any CPU
		{299593D0-C5CD-477E-8A39-2FE69AA68B8E}.Debug|Any CPU.ActiveCfg = Debug|Any CPU
		{299593D0-C5CD-477E-8A39-2FE69AA68B8E}.Debug|Any CPU.Build.0 = Debug|Any CPU
		{299593D0-C5CD-477E-8A39-2FE69AA68B8E}.Release|Any CPU.ActiveCfg = Release|Any CPU
		{299593D0-C5CD-477E-8A39-2FE69AA68B8E}.Release|Any CPU.Build.0 = Release|Any CPU
		{3556A1C9-9B39-4236-B15A-419E08B78B67}.Debug|Any CPU.ActiveCfg = Debug|Any CPU
		{3556A1C9-9B39-4236-B15A-419E08B78B67}.Debug|Any CPU.Build.0 = Debug|Any CPU
		{3556A1C9-9B39-4236-B15A-419E08B78B67}.Release|Any CPU.ActiveCfg = Release|Any CPU
		{3556A1C9-9B39-4236-B15A-419E08B78B67}.Release|Any CPU.Build.0 = Release|Any CPU
		{4DE43736-3CF8-4A92-A601-14BD2DF68264}.Debug|Any CPU.ActiveCfg = Debug|Any CPU
		{4DE43736-3CF8-4A92-A601-14BD2DF68264}.Debug|Any CPU.Build.0 = Debug|Any CPU
		{4DE43736-3CF8-4A92-A601-14BD2DF68264}.Release|Any CPU.ActiveCfg = Release|Any CPU
		{4DE43736-3CF8-4A92-A601-14BD2DF68264}.Release|Any CPU.Build.0 = Release|Any CPU
	EndGlobalSection
	GlobalSection(SolutionProperties) = preSolution
		HideSolutionNode = FALSE
	EndGlobalSection
	GlobalSection(ExtensibilityGlobals) = postSolution
		SolutionGuid = {D17F455E-B03E-44A6-9D29-05FAF7CA641D}
	EndGlobalSection
EndGlobal
